
Microsoft Visual Studio Solution File, Format Version 12.00
# Visual Studio Version 17
VisualStudioVersion = 17.3.32811.315
MinimumVisualStudioVersion = 10.0.40219.1
Project("{FAE04EC0-301F-11D3-BF4B-00C04F79EFBC}") = "bai1", "bai1\bai1.csproj", "{CAE982C4-AA71-438C-9ADA-7EDEC8326B53}"
EndProject
Project("{FAE04EC0-301F-11D3-BF4B-00C04F79EFBC}") = "Câu-2", "Câu-2\Câu-2.csproj", "{CCA17F2A-DFB6-45DC-87B0-6FA3B7CFDFF1}"
EndProject
Global
	GlobalSection(SolutionConfigurationPlatforms) = preSolution
		Debug|Any CPU = Debug|Any CPU
		Release|Any CPU = Release|Any CPU
	EndGlobalSection
	GlobalSection(ProjectConfigurationPlatforms) = postSolution
		{CAE982C4-AA71-438C-9ADA-7EDEC8326B53}.Debug|Any CPU.ActiveCfg = Debug|Any CPU
		{CAE982C4-AA71-438C-9ADA-7EDEC8326B53}.Debug|Any CPU.Build.0 = Debug|Any CPU
		{CAE982C4-AA71-438C-9ADA-7EDEC8326B53}.Release|Any CPU.ActiveCfg = Release|Any CPU
		{CAE982C4-AA71-438C-9ADA-7EDEC8326B53}.Release|Any CPU.Build.0 = Release|Any CPU
		{CCA17F2A-DFB6-45DC-87B0-6FA3B7CFDFF1}.Debug|Any CPU.ActiveCfg = Debug|Any CPU
		{CCA17F2A-DFB6-45DC-87B0-6FA3B7CFDFF1}.Debug|Any CPU.Build.0 = Debug|Any CPU
		{CCA17F2A-DFB6-45DC-87B0-6FA3B7CFDFF1}.Release|Any CPU.ActiveCfg = Release|Any CPU
		{CCA17F2A-DFB6-45DC-87B0-6FA3B7CFDFF1}.Release|Any CPU.Build.0 = Release|Any CPU
	EndGlobalSection
	GlobalSection(SolutionProperties) = preSolution
		HideSolutionNode = FALSE
	EndGlobalSection
	GlobalSection(ExtensibilityGlobals) = postSolution
		SolutionGuid = {B30840F3-4A38-40E7-9154-536808437DB0}
	EndGlobalSection
EndGlobal
